
Microsoft Visual Studio Solution File, Format Version 12.00
# Visual Studio 2013
VisualStudioVersion = 12.0.21005.1
MinimumVisualStudioVersion = 10.0.40219.1
Project("{FAE04EC0-301F-11D3-BF4B-00C04F79EFBC}") = "AutomationHelper", "AutomationHelper\AutomationHelper.csproj", "{782688B9-98A6-436C-BBA2-872E4CE0A1DF}"
EndProject
Project("{FAE04EC0-301F-11D3-BF4B-00C04F79EFBC}") = "AutomationHelperConsole", "AutomationHelperConsole\AutomationHelperConsole.csproj", "{B0FACD47-7E76-4190-9DD0-CEA1F62187F5}"
EndProject
Global	
	GlobalSection(SolutionConfigurationPlatforms) = preSolution
		Debug|Any CPU = Debug|Any CPU
		Release|Any CPU = Release|Any CPU
	EndGlobalSection
	GlobalSection(ProjectConfigurationPlatforms) = postSolution
		{782688B9-98A6-436C-BBA2-872E4CE0A1DF}.Debug|Any CPU.ActiveCfg = Debug|Any CPU
		{782688B9-98A6-436C-BBA2-872E4CE0A1DF}.Debug|Any CPU.Build.0 = Debug|Any CPU
		{782688B9-98A6-436C-BBA2-872E4CE0A1DF}.Release|Any CPU.ActiveCfg = Release|Any CPU
		{782688B9-98A6-436C-BBA2-872E4CE0A1DF}.Release|Any CPU.Build.0 = Release|Any CPU
		{B0FACD47-7E76-4190-9DD0-CEA1F62187F5}.Debug|Any CPU.ActiveCfg = Debug|Any CPU
		{B0FACD47-7E76-4190-9DD0-CEA1F62187F5}.Debug|Any CPU.Build.0 = Debug|Any CPU
		{B0FACD47-7E76-4190-9DD0-CEA1F62187F5}.Release|Any CPU.ActiveCfg = Release|Any CPU
		{B0FACD47-7E76-4190-9DD0-CEA1F62187F5}.Release|Any CPU.Build.0 = Release|Any CPU
	EndGlobalSection
	GlobalSection(SolutionProperties) = preSolution
		HideSolutionNode = FALSE
	EndGlobalSection
	GlobalSection(TestCaseManagementSettings) = postSolution
		CategoryFile = AutomationHelper.vsmdi
	EndGlobalSection
EndGlobal
